
Microsoft Visual Studio Solution File, Format Version 12.00
# Visual Studio Version 17
VisualStudioVersion = 17.5.33414.496
MinimumVisualStudioVersion = 10.0.40219.1
Project("{FAE04EC0-301F-11D3-BF4B-00C04F79EFBC}") = "Uçak_Rezervasyon_Sistemi", "Uçak_Rezervasyon_Sistemi\Uçak_Rezervasyon_Sistemi.csproj", "{A13C4DBE-378D-42A4-AACD-D9E37A98FAF2}"
EndProject
Global
	GlobalSection(SolutionConfigurationPlatforms) = preSolution
		Debug|Any CPU = Debug|Any CPU
		Release|Any CPU = Release|Any CPU
	EndGlobalSection
	GlobalSection(ProjectConfigurationPlatforms) = postSolution
		{A13C4DBE-378D-42A4-AACD-D9E37A98FAF2}.Debug|Any CPU.ActiveCfg = Debug|Any CPU
		{A13C4DBE-378D-42A4-AACD-D9E37A98FAF2}.Debug|Any CPU.Build.0 = Debug|Any CPU
		{A13C4DBE-378D-42A4-AACD-D9E37A98FAF2}.Release|Any CPU.ActiveCfg = Release|Any CPU
		{A13C4DBE-378D-42A4-AACD-D9E37A98FAF2}.Release|Any CPU.Build.0 = Release|Any CPU
	EndGlobalSection
	GlobalSection(SolutionProperties) = preSolution
		HideSolutionNode = FALSE
	EndGlobalSection
	GlobalSection(ExtensibilityGlobals) = postSolution
		SolutionGuid = {D1397211-6D83-43C4-A6F4-D6872323AD76}
	EndGlobalSection
EndGlobal
